hash: d448dba338fc5852b02ec6729990abc47873ee02d7999df6696071e7ff9745c4
updated: 2019-05-23T16:57:54.043594308+02:00
imports:
- name: github.com/beorn7/perks
  version: 3ac7bf7a47d159a033b107610db8a1b6575507a4
  subpackages:
  - quantile
- name: github.com/davecgh/go-spew
  version: 8991bc29aa16c548c550c7ff78260e27b9ab7c73
  subpackages:
  - spew
- name: github.com/fission/fission-workflows
  version: 52d9992ecaa4b285ba0c0b71f8032854719f7517
  subpackages:
  - pkg/api
  - pkg/api/aggregates
  - pkg/api/events
  - pkg/api/store
  - pkg/apiserver
  - pkg/apiserver/httpclient
  - pkg/controller
  - pkg/fes
  - pkg/fnenv
  - pkg/fnenv/workflows
  - pkg/types
  - pkg/types/graph
  - pkg/types/typedvalues
  - pkg/types/typedvalues/controlflow
  - pkg/types/validate
  - pkg/util
  - pkg/util/labels
  - pkg/util/pubsub
  - pkg/version
- name: github.com/golang/protobuf
  version: b5d812f8a3706043e23a9cd5babf2e5423744d30
  subpackages:
  - jsonpb
  - proto
  - protoc-gen-go/descriptor
  - ptypes
  - ptypes/any
  - ptypes/duration
  - ptypes/empty
  - ptypes/struct
  - ptypes/timestamp
  - ptypes/wrappers
- name: github.com/grpc-ecosystem/grpc-gateway
  version: 58f78b988bc393694cef62b92c5cde77e4742ff5
  subpackages:
  - runtime
  - runtime/internal
  - utilities
- name: github.com/konsorten/go-windows-terminal-sequences
  version: 5c8c8bd35d3832f5d134ae1e1e375b69a4d25242
- name: github.com/matttproud/golang_protobuf_extensions
  version: fc2b8d3a73c4867e51861bbdd5ae3c1f0869dd6a
  subpackages:
  - pbutil
- name: github.com/opentracing/opentracing-go
  version: 1949ddbfd147afd4d964a9f00b24eb291e0e7c38
  subpackages:
  - log
- name: github.com/pkg/errors
  version: ba968bfe8b2f7e042a574c888954fccecfa385b4
- name: github.com/pmezard/go-difflib
  version: d8ed2627bdf02c080bf22230dbb337003b7aba2d
  subpackages:
  - difflib
- name: github.com/prometheus/client_golang
  version: c5b7fccd204277076155f10851dad72b76a49317
  subpackages:
  - prometheus
- name: github.com/prometheus/client_model
  version: fa8ad6fec33561be4280a8f0514318c79d7f6cb6
  subpackages:
  - go
- name: github.com/prometheus/common
  version: 13ba4ddd0caa9c28ca7b7bffe1dfa9ed8d5ef207
  subpackages:
  - expfmt
  - internal/bitbucket.org/ww/goautoneg
  - model
- name: github.com/prometheus/procfs
  version: 65c1f6f8f0fc1e2185eb9863a3bc751496404259
  subpackages:
  - xfs
- name: github.com/satori/go.uuid
  version: f58768cc1a7a7e77a3bd49e98cdd21419399b6a3
- name: github.com/sirupsen/logrus
  version: a67f783a3814b8729bd2dac5780b5f78f8dbd64d
- name: github.com/stretchr/testify
  version: f35b8ab0b5a2cef36673838d662e249dd9c94686
  subpackages:
  - assert
- name: github.com/urfave/cli
  version: cfb38830724cc34fedffe9a2a29fb54fa9169cd1
- name: golang.org/x/crypto
  version: de0752318171da717af4ce24d0a2e8626afaeb11
  subpackages:
  - ssh/terminal
- name: golang.org/x/net
  version: f5079bd7f6f74e23c4d65efa0f4ce14cbd6a3c0f
  subpackages:
  - context
  - http2
  - http2/hpack
  - idna
  - internal/timeseries
  - lex/httplex
  - trace
- name: golang.org/x/sys
  version: c488ab1dd8481ef762f96a79a9577c27825be697
  subpackages:
  - unix
  - windows
- name: golang.org/x/text
  version: 88f656faf3f37f690df1a32515b479415e1a6769
  subpackages:
  - secure/bidirule
  - transform
  - unicode/bidi
  - unicode/norm
- name: gonum.org/v1/gonum
  version: 996b88e8f8941c9defdbb338bea5e239a230e742
  repo: http://github.com/gonum/gonum
  subpackages:
  - blas
  - blas/blas64
  - blas/gonum
  - floats
  - graph
  - graph/internal/linear
  - graph/internal/ordered
  - graph/internal/set
  - graph/internal/uid
  - graph/simple
  - graph/topo
  - graph/traverse
  - internal/asm/c128
  - internal/asm/f32
  - internal/asm/f64
  - internal/math32
  - lapack
  - lapack/gonum
  - lapack/lapack64
  - mat
- name: google.golang.org/genproto
  version: f8c8703595236ae70fdf8789ecb656ea0bcdcf46
  subpackages:
  - googleapis/api/annotations
  - googleapis/rpc/status
- name: google.golang.org/grpc
  version: 61763f5bcf26276d4c255c89e9dcf8f9838a271b
  subpackages:
  - balancer
  - balancer/base
  - balancer/roundrobin
  - codes
  - connectivity
  - credentials
  - encoding
  - encoding/proto
  - grpclb/grpc_lb_v1/messages
  - grpclog
  - internal
  - keepalive
  - metadata
  - naming
  - peer
  - resolver
  - resolver/dns
  - resolver/passthrough
  - stats
  - status
  - tap
  - transport
testImports: []
