hash: 69d205d824172a3acbe6594f223f44f4d48ad311a80530242e5405c9d2920645
updated: 2019-06-08T12:07:02.984661191+02:00
imports:
- name: github.com/beorn7/perks
  version: 4b2b341e8d7715fae06375aa633dbb6e91b3fb46
  subpackages:
  - quantile
- name: github.com/davecgh/go-spew
  version: d8f796af33cc11cb798c1aaeb27a4ebc5099927d
  subpackages:
  - spew
- name: github.com/golang/protobuf
  version: b5d812f8a3706043e23a9cd5babf2e5423744d30
  subpackages:
  - jsonpb
  - proto
  - protoc-gen-go/descriptor
  - protoc-gen-go/generator
  - protoc-gen-go/generator/internal/remap
  - protoc-gen-go/plugin
  - ptypes
  - ptypes/any
  - ptypes/duration
  - ptypes/empty
  - ptypes/struct
  - ptypes/timestamp
  - ptypes/wrappers
- name: github.com/gradecak/fission-workflows
  version: 05258b2d1ea13fe49d5eb0d3c36c1149a258ebaf
  subpackages:
  - pkg/api
  - pkg/api/events
  - pkg/api/projectors
  - pkg/api/store
  - pkg/apiserver
  - pkg/apiserver/httpclient
  - pkg/consent
  - pkg/fes
  - pkg/fnenv
  - pkg/fnenv/http
  - pkg/fnenv/native
  - pkg/fnenv/native/builtin
  - pkg/fnenv/workflows
  - pkg/parse
  - pkg/parse/protobuf
  - pkg/parse/yaml
  - pkg/provenance
  - pkg/provenance/graph
  - pkg/types
  - pkg/types/graph
  - pkg/types/typedvalues
  - pkg/types/typedvalues/controlflow
  - pkg/types/typedvalues/httpconv
  - pkg/types/validate
  - pkg/util
  - pkg/util/backoff
  - pkg/util/labels
  - pkg/util/mediatype
  - pkg/util/pubsub
  - pkg/version
- name: github.com/grpc-ecosystem/grpc-gateway
  version: e6f18d33a7b3bfa5b94f3d5fb513252184ce2d90
  subpackages:
  - internal
  - runtime
  - utilities
- name: github.com/konsorten/go-windows-terminal-sequences
  version: f55edac94c9bbba5d6182a4be46d86a2c9b5b50e
- name: github.com/matttproud/golang_protobuf_extensions
  version: c182affec369e30f25d3eb8cd8a478dee585ae7d
  subpackages:
  - pbutil
- name: github.com/opentracing/opentracing-go
  version: 659c90643e714681897ec2521c60567dd21da733
  subpackages:
  - log
- name: github.com/pkg/errors
  version: ba968bfe8b2f7e042a574c888954fccecfa385b4
- name: github.com/pmezard/go-difflib
  version: 5d4384ee4fb2527b0a1256a821ebfc92f91efefc
  subpackages:
  - difflib
- name: github.com/prometheus/client_golang
  version: c5b7fccd204277076155f10851dad72b76a49317
  subpackages:
  - prometheus
- name: github.com/prometheus/client_model
  version: fd36f4220a901265f90734c3183c5f0c91daa0b8
  subpackages:
  - go
- name: github.com/prometheus/common
  version: 17f5ca1748182ddf24fc33a5a7caaaf790a52fcc
  subpackages:
  - expfmt
  - internal/bitbucket.org/ww/goautoneg
  - model
- name: github.com/prometheus/procfs
  version: 1de2bc567d78f4ff415fd103412f7e5ec9e8876b
  subpackages:
  - internal/fs
- name: github.com/robertkrimen/otto
  version: 15f95af6e78dcd2030d8195a138bd88d4f403546
  subpackages:
  - ast
  - dbg
  - file
  - parser
  - registry
  - token
- name: github.com/satori/go.uuid
  version: f58768cc1a7a7e77a3bd49e98cdd21419399b6a3
- name: github.com/sirupsen/logrus
  version: a67f783a3814b8729bd2dac5780b5f78f8dbd64d
- name: github.com/stretchr/testify
  version: f35b8ab0b5a2cef36673838d662e249dd9c94686
  subpackages:
  - assert
- name: github.com/urfave/cli
  version: cfb38830724cc34fedffe9a2a29fb54fa9169cd1
- name: golang.org/x/crypto
  version: f99c8df09eb5bff426315721bfa5f16a99cad32c
  subpackages:
  - ssh/terminal
- name: golang.org/x/net
  version: f5079bd7f6f74e23c4d65efa0f4ce14cbd6a3c0f
  subpackages:
  - context
  - http2
  - http2/hpack
  - idna
  - internal/timeseries
  - lex/httplex
  - trace
- name: golang.org/x/sys
  version: c488ab1dd8481ef762f96a79a9577c27825be697
  subpackages:
  - unix
  - windows
- name: golang.org/x/text
  version: 88f656faf3f37f690df1a32515b479415e1a6769
  subpackages:
  - secure/bidirule
  - transform
  - unicode/bidi
  - unicode/norm
- name: gonum.org/v1/gonum
  version: 996b88e8f8941c9defdbb338bea5e239a230e742
  repo: http://github.com/gonum/gonum
  subpackages:
  - blas
  - blas/blas64
  - blas/gonum
  - floats
  - graph
  - graph/internal/linear
  - graph/internal/ordered
  - graph/internal/set
  - graph/internal/uid
  - graph/simple
  - graph/topo
  - graph/traverse
  - internal/asm/c128
  - internal/asm/f32
  - internal/asm/f64
  - internal/math32
  - lapack
  - lapack/gonum
  - lapack/lapack64
  - mat
- name: google.golang.org/genproto
  version: eb0b1bdb6ae60fcfc41b8d907b50dfb346112301
  subpackages:
  - googleapis/api/annotations
  - googleapis/api/httpbody
  - googleapis/rpc/status
  - protobuf/field_mask
- name: google.golang.org/grpc
  version: 61763f5bcf26276d4c255c89e9dcf8f9838a271b
  subpackages:
  - balancer
  - balancer/base
  - balancer/roundrobin
  - codes
  - connectivity
  - credentials
  - encoding
  - encoding/proto
  - grpclb/grpc_lb_v1/messages
  - grpclog
  - internal
  - keepalive
  - metadata
  - naming
  - peer
  - resolver
  - resolver/dns
  - resolver/passthrough
  - stats
  - status
  - tap
  - transport
- name: gopkg.in/sourcemap.v1
  version: 6e83acea0053641eff084973fee085f0c193c61a
  subpackages:
  - base64vlq
- name: gopkg.in/yaml.v2
  version: 51d6538a90f86fe93ac480b35f37b2be17fef232
testImports: []
